
Microsoft Visual Studio Solution File, Format Version 12.00
# Visual Studio Version 17
VisualStudioVersion = 17.0.31919.166
MinimumVisualStudioVersion = 10.0.40219.1
Project("{6EC3EE1D-3C4E-46DD-8F32-0CC8E7565705}") = "AdventOfCodeCommon", "AdventOfCodeCommon\AdventOfCodeCommon.fsproj", "{4D09BAFA-3C17-4881-9F4B-D3C3ED370E3D}"
EndProject
Project("{6EC3EE1D-3C4E-46DD-8F32-0CC8E7565705}") = "AdventOfCode2021", "AdventOfCode2021\AdventOfCode2021.fsproj", "{9467CE96-AEF1-460C-88FA-4398F67A6DEC}"
EndProject
Project("{FAE04EC0-301F-11D3-BF4B-00C04F79EFBC}") = "AdventOfCodeInput", "AdventOfCodeInput\AdventOfCodeInput.csproj", "{949E5B03-1FC3-4274-8CC6-CC44382E0864}"
EndProject
Project("{2150E333-8FDC-42A3-9474-1A3956D46DE8}") = ".paket", ".paket", "{EF085D40-999A-4961-AA81-3FD80307AA19}"
	ProjectSection(SolutionItems) = preProject
		paket.dependencies = paket.dependencies
	EndProjectSection
EndProject
Project("{F2A71F9B-5D33-465A-A702-920D77279786}") = "AdventOfCode2022", "AdventOfCode2022\AdventOfCode2022.fsproj", "{76438099-8237-4BC5-8C8F-7EB00FDF42C1}"
EndProject
Project("{F2A71F9B-5D33-465A-A702-920D77279786}") = "AdventOfCode2023", "AdventOfCode2023\AdventOfCode2023.fsproj", "{2804735E-ACF6-4958-9B02-2DDE8EC141E0}"
EndProject
Global
	GlobalSection(SolutionConfigurationPlatforms) = preSolution
		Debug|Any CPU = Debug|Any CPU
		Release|Any CPU = Release|Any CPU
	EndGlobalSection
	GlobalSection(ProjectConfigurationPlatforms) = postSolution
		{4D09BAFA-3C17-4881-9F4B-D3C3ED370E3D}.Debug|Any CPU.ActiveCfg = Debug|Any CPU
		{4D09BAFA-3C17-4881-9F4B-D3C3ED370E3D}.Debug|Any CPU.Build.0 = Debug|Any CPU
		{4D09BAFA-3C17-4881-9F4B-D3C3ED370E3D}.Release|Any CPU.ActiveCfg = Release|Any CPU
		{4D09BAFA-3C17-4881-9F4B-D3C3ED370E3D}.Release|Any CPU.Build.0 = Release|Any CPU
		{9467CE96-AEF1-460C-88FA-4398F67A6DEC}.Debug|Any CPU.ActiveCfg = Debug|Any CPU
		{9467CE96-AEF1-460C-88FA-4398F67A6DEC}.Debug|Any CPU.Build.0 = Debug|Any CPU
		{9467CE96-AEF1-460C-88FA-4398F67A6DEC}.Release|Any CPU.ActiveCfg = Release|Any CPU
		{9467CE96-AEF1-460C-88FA-4398F67A6DEC}.Release|Any CPU.Build.0 = Release|Any CPU
		{949E5B03-1FC3-4274-8CC6-CC44382E0864}.Debug|Any CPU.ActiveCfg = Debug|Any CPU
		{949E5B03-1FC3-4274-8CC6-CC44382E0864}.Debug|Any CPU.Build.0 = Debug|Any CPU
		{949E5B03-1FC3-4274-8CC6-CC44382E0864}.Release|Any CPU.ActiveCfg = Release|Any CPU
		{949E5B03-1FC3-4274-8CC6-CC44382E0864}.Release|Any CPU.Build.0 = Release|Any CPU
		{76438099-8237-4BC5-8C8F-7EB00FDF42C1}.Debug|Any CPU.ActiveCfg = Debug|Any CPU
		{76438099-8237-4BC5-8C8F-7EB00FDF42C1}.Debug|Any CPU.Build.0 = Debug|Any CPU
		{76438099-8237-4BC5-8C8F-7EB00FDF42C1}.Release|Any CPU.ActiveCfg = Release|Any CPU
		{76438099-8237-4BC5-8C8F-7EB00FDF42C1}.Release|Any CPU.Build.0 = Release|Any CPU
		{2804735E-ACF6-4958-9B02-2DDE8EC141E0}.Debug|Any CPU.ActiveCfg = Debug|Any CPU
		{2804735E-ACF6-4958-9B02-2DDE8EC141E0}.Debug|Any CPU.Build.0 = Debug|Any CPU
		{2804735E-ACF6-4958-9B02-2DDE8EC141E0}.Release|Any CPU.ActiveCfg = Release|Any CPU
		{2804735E-ACF6-4958-9B02-2DDE8EC141E0}.Release|Any CPU.Build.0 = Release|Any CPU
	EndGlobalSection
	GlobalSection(SolutionProperties) = preSolution
		HideSolutionNode = FALSE
	EndGlobalSection
	GlobalSection(ExtensibilityGlobals) = postSolution
		SolutionGuid = {228B1D31-5F5D-417D-848E-782032A16F92}
	EndGlobalSection
EndGlobal
